// !$*UTF8*$!
{
	archiveVersion = 1;
	classes = {
	};
	objectVersion = 77;
	objects = {

/* Begin PBXBuildFile section */
		C0D772D82FE17C2200D2731A /* ReelMarkApp.swift in Sources */ = {isa = PBXBuildFile; fileRef = C0D772D72FE17C2200D2731A /* ReelMarkApp.swift */; };
		C0D772DC2FE17C2400D2731A /* Assets.xcassets in Resources */ = {isa = PBXBuildFile; fileRef = C0D772DB2FE17C2400D2731A /* Assets.xcassets */; };
		C0D772E42FE17C9000D2731A /* Movie.swift in Sources */ = {isa = PBXBuildFile; fileRef = C0D772E32FE17C8A00D2731A /* Movie.swift */; };
		C0D772E62FE17C9F00D2731A /* UserRating.swift in Sources */ = {isa = PBXBuildFile; fileRef = C0D772E52FE17C9E00D2731A /* UserRating.swift */; };
		C0D772E82FE17CAD00D2731A /* MovieData.swift in Sources */ = {isa = PBXBuildFile; fileRef = C0D772E72FE17CAB00D2731A /* MovieData.swift */; };
		C0D772EB2FE17CCA00D2731A /* ContentView.swift in Sources */ = {isa = PBXBuildFile; fileRef = C0D772EA2FE17CC500D2731A /* ContentView.swift */; };
		C0D772ED2FE17CD400D2731A /* BrowseView.swift in Sources */ = {isa = PBXBuildFile; fileRef = C0D772EC2FE17CD300D2731A /* BrowseView.swift */; };
		C0D772EF2FE17CDF00D2731A /* MovieDetailView.swift in Sources */ = {isa = PBXBuildFile; fileRef = C0D772EE2FE17CDE00D2731A /* MovieDetailView.swift */; };
		C0D772F12FE17CEA00D2731A /* RatingSheetView.swift in Sources */ = {isa = PBXBuildFile; fileRef = C0D772F02FE17CE900D2731A /* RatingSheetView.swift */; };
		C0D772F32FE17CF400D2731A /* MyRatingsView.swift in Sources */ = {isa = PBXBuildFile; fileRef = C0D772F22FE17CF300D2731A /* MyRatingsView.swift */; };
		C0D772F52FE17D0000D2731A /* PosterCardView.swift in Sources */ = {isa = PBXBuildFile; fileRef = C0D772F42FE17CFF00D2731A /* PosterCardView.swift */; };
		C0D772F72FE17D0A00D2731A /* TagBadgeView.swift in Sources */ = {isa = PBXBuildFile; fileRef = C0D772F62FE17D0900D2731A /* TagBadgeView.swift */; };
		C0D772FB2FE17D4300D2731A /* RatingsViewModel.swift in Sources */ = {isa = PBXBuildFile; fileRef = C0D772F92FE17D2100D2731A /* RatingsViewModel.swift */; };
		C0D772FD2FE17DE200D2731A /* GrainOverlayView.swift in Sources */ = {isa = PBXBuildFile; fileRef = C0D772FC2FE17DE100D2731A /* GrainOverlayView.swift */; };
		C0D772FF2FE184CC00D2731A /* ThemeColors.swift in Sources */ = {isa = PBXBuildFile; fileRef = C0D772FE2FE184CB00D2731A /* ThemeColors.swift */; };
/* End PBXBuildFile section */

/* Begin PBXFileReference section */
		C0D772D42FE17C2200D2731A /* ReelMark.app */ = {isa = PBXFileReference; explicitFileType = wrapper.application; includeInIndex = 0; path = ReelMark.app; sourceTree = BUILT_PRODUCTS_DIR; };
		C0D772D72FE17C2200D2731A /* ReelMarkApp.swift */ = {isa = PBXFileReference; lastKnownFileType = sourcecode.swift; path = ReelMarkApp.swift; sourceTree = "<group>"; };
		C0D772DB2FE17C2400D2731A /* Assets.xcassets */ = {isa = PBXFileReference; lastKnownFileType = folder.assetcatalog; path = Assets.xcassets; sourceTree = "<group>"; };
		C0D772E32FE17C8A00D2731A /* Movie.swift */ = {isa = PBXFileReference; lastKnownFileType = sourcecode.swift; path = Movie.swift; sourceTree = "<group>"; };
		C0D772E52FE17C9E00D2731A /* UserRating.swift */ = {isa = PBXFileReference; lastKnownFileType = sourcecode.swift; path = UserRating.swift; sourceTree = "<group>"; };
		C0D772E72FE17CAB00D2731A /* MovieData.swift */ = {isa = PBXFileReference; lastKnownFileType = sourcecode.swift; path = MovieData.swift; sourceTree = "<group>"; };
		C0D772EA2FE17CC500D2731A /* ContentView.swift */ = {isa = PBXFileReference; lastKnownFileType = sourcecode.swift; path = ContentView.swift; sourceTree = "<group>"; };
		C0D772EC2FE17CD300D2731A /* BrowseView.swift */ = {isa = PBXFileReference; lastKnownFileType = sourcecode.swift; path = BrowseView.swift; sourceTree = "<group>"; };
		C0D772EE2FE17CDE00D2731A /* MovieDetailView.swift */ = {isa = PBXFileReference; lastKnownFileType = sourcecode.swift; path = MovieDetailView.swift; sourceTree = "<group>"; };
		C0D772F02FE17CE900D2731A /* RatingSheetView.swift */ = {isa = PBXFileReference; lastKnownFileType = sourcecode.swift; path = RatingSheetView.swift; sourceTree = "<group>"; };
		C0D772F22FE17CF300D2731A /* MyRatingsView.swift */ = {isa = PBXFileReference; lastKnownFileType = sourcecode.swift; path = MyRatingsView.swift; sourceTree = "<group>"; };
		C0D772F42FE17CFF00D2731A /* PosterCardView.swift */ = {isa = PBXFileReference; lastKnownFileType = sourcecode.swift; path = PosterCardView.swift; sourceTree = "<group>"; };
		C0D772F62FE17D0900D2731A /* TagBadgeView.swift */ = {isa = PBXFileReference; lastKnownFileType = sourcecode.swift; path = TagBadgeView.swift; sourceTree = "<group>"; };
		C0D772F92FE17D2100D2731A /* RatingsViewModel.swift */ = {isa = PBXFileReference; lastKnownFileType = sourcecode.swift; path = RatingsViewModel.swift; sourceTree = "<group>"; };
		C0D772FC2FE17DE100D2731A /* GrainOverlayView.swift */ = {isa = PBXFileReference; lastKnownFileType = sourcecode.swift; path = GrainOverlayView.swift; sourceTree = "<group>"; };
		C0D772FE2FE184CB00D2731A /* ThemeColors.swift */ = {isa = PBXFileReference; lastKnownFileType = sourcecode.swift; path = ThemeColors.swift; sourceTree = "<group>"; };
/* End PBXFileReference section */

/* Begin PBXFrameworksBuildPhase section */
		C0D772D12FE17C2200D2731A /* Frameworks */ = {
			isa = PBXFrameworksBuildPhase;
			buildActionMask = 2147483647;
			files = (
			);
			runOnlyForDeploymentPostprocessing = 0;
		};
/* End PBXFrameworksBuildPhase section */

/* Begin PBXGroup section */
		C0D772CB2FE17C2200D2731A = {
			isa = PBXGroup;
			children = (
				C0D772D72FE17C2200D2731A /* ReelMarkApp.swift */,
				C0D772FA2FE17D2E00D2731A /* Resources */,
				C0D772F82FE17D1700D2731A /* ViewModel */,
				C0D772E92FE17CBB00D2731A /* Views */,
				C0D772E22FE17C5C00D2731A /* Models */,
				C0D772D52FE17C2200D2731A /* Products */,
			);
			sourceTree = "<group>";
		};
		C0D772D52FE17C2200D2731A /* Products */ = {
			isa = PBXGroup;
			children = (
				C0D772D42FE17C2200D2731A /* ReelMark.app */,
			);
			name = Products;
			sourceTree = "<group>";
		};
		C0D772E22FE17C5C00D2731A /* Models */ = {
			isa = PBXGroup;
			children = (
				C0D772E72FE17CAB00D2731A /* MovieData.swift */,
				C0D772E52FE17C9E00D2731A /* UserRating.swift */,
				C0D772E32FE17C8A00D2731A /* Movie.swift */,
			);
			path = Models;
			sourceTree = "<group>";
		};
		C0D772E92FE17CBB00D2731A /* Views */ = {
			isa = PBXGroup;
			children = (
				C0D772FC2FE17DE100D2731A /* GrainOverlayView.swift */,
				C0D772F62FE17D0900D2731A /* TagBadgeView.swift */,
				C0D772F42FE17CFF00D2731A /* PosterCardView.swift */,
				C0D772F22FE17CF300D2731A /* MyRatingsView.swift */,
				C0D772F02FE17CE900D2731A /* RatingSheetView.swift */,
				C0D772EE2FE17CDE00D2731A /* MovieDetailView.swift */,
				C0D772EC2FE17CD300D2731A /* BrowseView.swift */,
				C0D772EA2FE17CC500D2731A /* ContentView.swift */,
			);
			path = Views;
			sourceTree = "<group>";
		};
		C0D772F82FE17D1700D2731A /* ViewModel */ = {
			isa = PBXGroup;
			children = (
				C0D772F92FE17D2100D2731A /* RatingsViewModel.swift */,
			);
			path = ViewModel;
			sourceTree = "<group>";
		};
		C0D772FA2FE17D2E00D2731A /* Resources */ = {
			isa = PBXGroup;
			children = (
				C0D772FE2FE184CB00D2731A /* ThemeColors.swift */,
				C0D772DB2FE17C2400D2731A /* Assets.xcassets */,
			);
			path = Resources;
			sourceTree = "<group>";
		};
/* End PBXGroup section */

/* Begin PBXNativeTarget section */
		C0D772D32FE17C2200D2731A /* ReelMark */ = {
			isa = PBXNativeTarget;
			buildConfigurationList = C0D772DF2FE17C2400D2731A /* Build configuration list for PBXNativeTarget "ReelMark" */;
			buildPhases = (
				C0D772D02FE17C2200D2731A /* Sources */,
				C0D772D12FE17C2200D2731A /* Frameworks */,
				C0D772D22FE17C2200D2731A /* Resources */,
			);
			buildRules = (
			);
			dependencies = (
			);
			name = ReelMark;
			packageProductDependencies = (
			);
			productName = ReelMark;
			productReference = C0D772D42FE17C2200D2731A /* ReelMark.app */;
			productType = "com.apple.product-type.application";
		};
/* End PBXNativeTarget section */

/* Begin PBXProject section */
		C0D772CC2FE17C2200D2731A /* Project object */ = {
			isa = PBXProject;
			attributes = {
				BuildIndependentTargetsInParallel = 1;
				LastSwiftUpdateCheck = 2620;
				LastUpgradeCheck = 2620;
				TargetAttributes = {
					C0D772D32FE17C2200D2731A = {
						CreatedOnToolsVersion = 26.2;
					};
				};
			};
			buildConfigurationList = C0D772CF2FE17C2200D2731A /* Build configuration list for PBXProject "ReelMark" */;
			developmentRegion = en;
			hasScannedForEncodings = 0;
			knownRegions = (
				en,
				Base,
			);
			mainGroup = C0D772CB2FE17C2200D2731A;
			minimizedProjectReferenceProxies = 1;
			preferredProjectObjectVersion = 77;
			productRefGroup = C0D772D52FE17C2200D2731A /* Products */;
			projectDirPath = "";
			projectRoot = "";
			targets = (
				C0D772D32FE17C2200D2731A /* ReelMark */,
			);
		};
/* End PBXProject section */

/* Begin PBXResourcesBuildPhase section */
		C0D772D22FE17C2200D2731A /* Resources */ = {
			isa = PBXResourcesBuildPhase;
			buildActionMask = 2147483647;
			files = (
				C0D772DC2FE17C2400D2731A /* Assets.xcassets in Resources */,
			);
			runOnlyForDeploymentPostprocessing = 0;
		};
/* End PBXResourcesBuildPhase section */

/* Begin PBXSourcesBuildPhase section */
		C0D772D02FE17C2200D2731A /* Sources */ = {
			isa = PBXSourcesBuildPhase;
			buildActionMask = 2147483647;
			files = (
				C0D772F52FE17D0000D2731A /* PosterCardView.swift in Sources */,
				C0D772D82FE17C2200D2731A /* ReelMarkApp.swift in Sources */,
				C0D772ED2FE17CD400D2731A /* BrowseView.swift in Sources */,
				C0D772F32FE17CF400D2731A /* MyRatingsView.swift in Sources */,
				C0D772EB2FE17CCA00D2731A /* ContentView.swift in Sources */,
				C0D772E42FE17C9000D2731A /* Movie.swift in Sources */,
				C0D772E82FE17CAD00D2731A /* MovieData.swift in Sources */,
				C0D772EF2FE17CDF00D2731A /* MovieDetailView.swift in Sources */,
				C0D772FD2FE17DE200D2731A /* GrainOverlayView.swift in Sources */,
				C0D772E62FE17C9F00D2731A /* UserRating.swift in Sources */,
				C0D772FB2FE17D4300D2731A /* RatingsViewModel.swift in Sources */,
				C0D772FF2FE184CC00D2731A /* ThemeColors.swift in Sources */,
				C0D772F12FE17CEA00D2731A /* RatingSheetView.swift in Sources */,
				C0D772F72FE17D0A00D2731A /* TagBadgeView.swift in Sources */,
			);
			runOnlyForDeploymentPostprocessing = 0;
		};
/* End PBXSourcesBuildPhase section */

/* Begin XCBuildConfiguration section */
		C0D772DD2FE17C2400D2731A /* Debug */ = {
			isa = XCBuildConfiguration;
			buildSettings = {
				ALWAYS_SEARCH_USER_PATHS = NO;
				ASSETCATALOG_COMPILER_GENERATE_SWIFT_ASSET_SYMBOL_EXTENSIONS = YES;
				CLANG_ANALYZER_NONNULL = YES;
				CLANG_ANALYZER_NUMBER_OBJECT_CONVERSION = YES_AGGRESSIVE;
				CLANG_CXX_LANGUAGE_STANDARD = "gnu++20";
				CLANG_ENABLE_MODULES = YES;
				CLANG_ENABLE_OBJC_ARC = YES;
				CLANG_ENABLE_OBJC_WEAK = YES;
				CLANG_WARN_BLOCK_CAPTURE_AUTORELEASING = YES;
				CLANG_WARN_BOOL_CONVERSION = YES;
				CLANG_WARN_COMMA = YES;
				CLANG_WARN_CONSTANT_CONVERSION = YES;
				CLANG_WARN_DEPRECATED_OBJC_IMPLEMENTATIONS = YES;
				CLANG_WARN_DIRECT_OBJC_ISA_USAGE = YES_ERROR;
				CLANG_WARN_DOCUMENTATION_COMMENTS = YES;
				CLANG_WARN_EMPTY_BODY = YES;
				CLANG_WARN_ENUM_CONVERSION = YES;
				CLANG_WARN_INFINITE_RECURSION = YES;
				CLANG_WARN_INT_CONVERSION = YES;
				CLANG_WARN_NON_LITERAL_NULL_CONVERSION = YES;
				CLANG_WARN_OBJC_IMPLICIT_RETAIN_SELF = YES;
				CLANG_WARN_OBJC_LITERAL_CONVERSION = YES;
				CLANG_WARN_OBJC_ROOT_CLASS = YES_ERROR;
				CLANG_WARN_QUOTED_INCLUDE_IN_FRAMEWORK_HEADER = YES;
				CLANG_WARN_RANGE_LOOP_ANALYSIS = YES;
				CLANG_WARN_STRICT_PROTOTYPES = YES;
				CLANG_WARN_SUSPICIOUS_MOVE = YES;
				CLANG_WARN_UNGUARDED_AVAILABILITY = YES_AGGRESSIVE;
				CLANG_WARN_UNREACHABLE_CODE = YES;
				CLANG_WARN__DUPLICATE_METHOD_MATCH = YES;
				COPY_PHASE_STRIP = NO;
				DEBUG_INFORMATION_FORMAT = dwarf;
				DEVELOPMENT_TEAM = JU394TA36T;
				ENABLE_STRICT_OBJC_MSGSEND = YES;
				ENABLE_TESTABILITY = YES;
				ENABLE_USER_SCRIPT_SANDBOXING = YES;
				GCC_C_LANGUAGE_STANDARD = gnu17;
				GCC_DYNAMIC_NO_PIC = NO;
				GCC_NO_COMMON_BLOCKS = YES;
				GCC_OPTIMIZATION_LEVEL = 0;
				GCC_PREPROCESSOR_DEFINITIONS = (
					"DEBUG=1",
					"$(inherited)",
				);
				GCC_WARN_64_TO_32_BIT_CONVERSION = YES;
				GCC_WARN_ABOUT_RETURN_TYPE = YES_ERROR;
				GCC_WARN_UNDECLARED_SELECTOR = YES;
				GCC_WARN_UNINITIALIZED_AUTOS = YES_AGGRESSIVE;
				GCC_WARN_UNUSED_FUNCTION = YES;
				GCC_WARN_UNUSED_VARIABLE = YES;
				IPHONEOS_DEPLOYMENT_TARGET = 26.2;
				LOCALIZATION_PREFERS_STRING_CATALOGS = YES;
				MTL_ENABLE_DEBUG_INFO = INCLUDE_SOURCE;
				MTL_FAST_MATH = YES;
				ONLY_ACTIVE_ARCH = YES;
				SDKROOT = iphoneos;
				SWIFT_ACTIVE_COMPILATION_CONDITIONS = "DEBUG $(inherited)";
				SWIFT_OPTIMIZATION_LEVEL = "-Onone";
			};
			name = Debug;
		};
		C0D772DE2FE17C2400D2731A /* Release */ = {
			isa = XCBuildConfiguration;
			buildSettings = {
				ALWAYS_SEARCH_USER_PATHS = NO;
				ASSETCATALOG_COMPILER_GENERATE_SWIFT_ASSET_SYMBOL_EXTENSIONS = YES;
				CLANG_ANALYZER_NONNULL = YES;
				CLANG_ANALYZER_NUMBER_OBJECT_CONVERSION = YES_AGGRESSIVE;
				CLANG_CXX_LANGUAGE_STANDARD = "gnu++20";
				CLANG_ENABLE_MODULES = YES;
				CLANG_ENABLE_OBJC_ARC = YES;
				CLANG_ENABLE_OBJC_WEAK = YES;
				CLANG_WARN_BLOCK_CAPTURE_AUTORELEASING = YES;
				CLANG_WARN_BOOL_CONVERSION = YES;
				CLANG_WARN_COMMA = YES;
				CLANG_WARN_CONSTANT_CONVERSION = YES;
				CLANG_WARN_DEPRECATED_OBJC_IMPLEMENTATIONS = YES;
				CLANG_WARN_DIRECT_OBJC_ISA_USAGE = YES_ERROR;
				CLANG_WARN_DOCUMENTATION_COMMENTS = YES;
				CLANG_WARN_EMPTY_BODY = YES;
				CLANG_WARN_ENUM_CONVERSION = YES;
				CLANG_WARN_INFINITE_RECURSION = YES;
				CLANG_WARN_INT_CONVERSION = YES;
				CLANG_WARN_NON_LITERAL_NULL_CONVERSION = YES;
				CLANG_WARN_OBJC_IMPLICIT_RETAIN_SELF = YES;
				CLANG_WARN_OBJC_LITERAL_CONVERSION = YES;
				CLANG_WARN_OBJC_ROOT_CLASS = YES_ERROR;
				CLANG_WARN_QUOTED_INCLUDE_IN_FRAMEWORK_HEADER = YES;
				CLANG_WARN_RANGE_LOOP_ANALYSIS = YES;
				CLANG_WARN_STRICT_PROTOTYPES = YES;
				CLANG_WARN_SUSPICIOUS_MOVE = YES;
				CLANG_WARN_UNGUARDED_AVAILABILITY = YES_AGGRESSIVE;
				CLANG_WARN_UNREACHABLE_CODE = YES;
				CLANG_WARN__DUPLICATE_METHOD_MATCH = YES;
				COPY_PHASE_STRIP = NO;
				DEBUG_INFORMATION_FORMAT = "dwarf-with-dsym";
				DEVELOPMENT_TEAM = JU394TA36T;
				ENABLE_NS_ASSERTIONS = NO;
				ENABLE_STRICT_OBJC_MSGSEND = YES;
				ENABLE_USER_SCRIPT_SANDBOXING = YES;
				GCC_C_LANGUAGE_STANDARD = gnu17;
				GCC_NO_COMMON_BLOCKS = YES;
				GCC_WARN_64_TO_32_BIT_CONVERSION = YES;
				GCC_WARN_ABOUT_RETURN_TYPE = YES_ERROR;
				GCC_WARN_UNDECLARED_SELECTOR = YES;
				GCC_WARN_UNINITIALIZED_AUTOS = YES_AGGRESSIVE;
				GCC_WARN_UNUSED_FUNCTION = YES;
				GCC_WARN_UNUSED_VARIABLE = YES;
				IPHONEOS_DEPLOYMENT_TARGET = 26.2;
				LOCALIZATION_PREFERS_STRING_CATALOGS = YES;
				MTL_ENABLE_DEBUG_INFO = NO;
				MTL_FAST_MATH = YES;
				SDKROOT = iphoneos;
				SWIFT_COMPILATION_MODE = wholemodule;
				VALIDATE_PRODUCT = YES;
			};
			name = Release;
		};
		C0D772E02FE17C2400D2731A /* Debug */ = {
			isa = XCBuildConfiguration;
			buildSettings = {
				ASSETCATALOG_COMPILER_APPICON_NAME = AppIcon;
				ASSETCATALOG_COMPILER_GLOBAL_ACCENT_COLOR_NAME = AccentColor;
				CODE_SIGN_STYLE = Automatic;
				CURRENT_PROJECT_VERSION = 1;
				DEVELOPMENT_TEAM = JU394TA36T;
				ENABLE_PREVIEWS = YES;
				GENERATE_INFOPLIST_FILE = YES;
				INFOPLIST_KEY_UIApplicationSceneManifest_Generation = YES;
				INFOPLIST_KEY_UIApplicationSupportsIndirectInputEvents = YES;
				INFOPLIST_KEY_UILaunchScreen_Generation = YES;
				INFOPLIST_KEY_UISupportedInterfaceOrientations_iPad = "UIInterfaceOrientationPortrait UIInterfaceOrientationPortraitUpsideDown UIInterfaceOrientationLandscapeLeft UIInterfaceOrientationLandscapeRight";
				INFOPLIST_KEY_UISupportedInterfaceOrientations_iPhone = "UIInterfaceOrientationPortrait UIInterfaceOrientationLandscapeLeft UIInterfaceOrientationLandscapeRight";
				LD_RUNPATH_SEARCH_PATHS = (
					"$(inherited)",
					"@executable_path/Frameworks",
				);
				MARKETING_VERSION = 1.0;
				PRODUCT_BUNDLE_IDENTIFIER = com.sanda.ReelMark;
				PRODUCT_NAME = "$(TARGET_NAME)";
				STRING_CATALOG_GENERATE_SYMBOLS = YES;
				SWIFT_APPROACHABLE_CONCURRENCY = YES;
				SWIFT_DEFAULT_ACTOR_ISOLATION = MainActor;
				SWIFT_EMIT_LOC_STRINGS = YES;
				SWIFT_UPCOMING_FEATURE_MEMBER_IMPORT_VISIBILITY = YES;
				SWIFT_VERSION = 5.0;
				TARGETED_DEVICE_FAMILY = "1,2";
			};
			name = Debug;
		};
		C0D772E12FE17C2400D2731A /* Release */ = {
			isa = XCBuildConfiguration;
			buildSettings = {
				ASSETCATALOG_COMPILER_APPICON_NAME = AppIcon;
				ASSETCATALOG_COMPILER_GLOBAL_ACCENT_COLOR_NAME = AccentColor;
				CODE_SIGN_STYLE = Automatic;
				CURRENT_PROJECT_VERSION = 1;
				DEVELOPMENT_TEAM = JU394TA36T;
				ENABLE_PREVIEWS = YES;
				GENERATE_INFOPLIST_FILE = YES;
				INFOPLIST_KEY_UIApplicationSceneManifest_Generation = YES;
				INFOPLIST_KEY_UIApplicationSupportsIndirectInputEvents = YES;
				INFOPLIST_KEY_UILaunchScreen_Generation = YES;
				INFOPLIST_KEY_UISupportedInterfaceOrientations_iPad = "UIInterfaceOrientationPortrait UIInterfaceOrientationPortraitUpsideDown UIInterfaceOrientationLandscapeLeft UIInterfaceOrientationLandscapeRight";
				INFOPLIST_KEY_UISupportedInterfaceOrientations_iPhone = "UIInterfaceOrientationPortrait UIInterfaceOrientationLandscapeLeft UIInterfaceOrientationLandscapeRight";
				LD_RUNPATH_SEARCH_PATHS = (
					"$(inherited)",
					"@executable_path/Frameworks",
				);
				MARKETING_VERSION = 1.0;
				PRODUCT_BUNDLE_IDENTIFIER = com.sanda.ReelMark;
				PRODUCT_NAME = "$(TARGET_NAME)";
				STRING_CATALOG_GENERATE_SYMBOLS = YES;
				SWIFT_APPROACHABLE_CONCURRENCY = YES;
				SWIFT_DEFAULT_ACTOR_ISOLATION = MainActor;
				SWIFT_EMIT_LOC_STRINGS = YES;
				SWIFT_UPCOMING_FEATURE_MEMBER_IMPORT_VISIBILITY = YES;
				SWIFT_VERSION = 5.0;
				TARGETED_DEVICE_FAMILY = "1,2";
			};
			name = Release;
		};
/* End XCBuildConfiguration section */

/* Begin XCConfigurationList section */
		C0D772CF2FE17C2200D2731A /* Build configuration list for PBXProject "ReelMark" */ = {
			isa = XCConfigurationList;
			buildConfigurations = (
				C0D772DD2FE17C2400D2731A /* Debug */,
				C0D772DE2FE17C2400D2731A /* Release */,
			);
			defaultConfigurationIsVisible = 0;
			defaultConfigurationName = Release;
		};
		C0D772DF2FE17C2400D2731A /* Build configuration list for PBXNativeTarget "ReelMark" */ = {
			isa = XCConfigurationList;
			buildConfigurations = (
				C0D772E02FE17C2400D2731A /* Debug */,
				C0D772E12FE17C2400D2731A /* Release */,
			);
			defaultConfigurationIsVisible = 0;
			defaultConfigurationName = Release;
		};
/* End XCConfigurationList section */
	};
	rootObject = C0D772CC2FE17C2200D2731A /* Project object */;
}
